
Microsoft Visual Studio Solution File, Format Version 12.00
# Visual Studio Version 17
VisualStudioVersion = 17.9.34902.65
MinimumVisualStudioVersion = 10.0.40219.1
Project("{FAE04EC0-301F-11D3-BF4B-00C04F79EFBC}") = "TeamMantaEducationalApi", "TeamMantaEducationalApi\TeamMantaEducationalApi.csproj", "{286F0BD8-8416-4D5E-B251-0BEBA94A23E0}"
EndProject
Global
	GlobalSection(SolutionConfigurationPlatforms) = preSolution
		Debug|Any CPU = Debug|Any CPU
		Release|Any CPU = Release|Any CPU
	EndGlobalSection
	GlobalSection(ProjectConfigurationPlatforms) = postSolution
		{286F0BD8-8416-4D5E-B251-0BEBA94A23E0}.Debug|Any CPU.ActiveCfg = Debug|Any CPU
		{286F0BD8-8416-4D5E-B251-0BEBA94A23E0}.Debug|Any CPU.Build.0 = Debug|Any CPU
		{286F0BD8-8416-4D5E-B251-0BEBA94A23E0}.Release|Any CPU.ActiveCfg = Release|Any CPU
		{286F0BD8-8416-4D5E-B251-0BEBA94A23E0}.Release|Any CPU.Build.0 = Release|Any CPU
	EndGlobalSection
	GlobalSection(SolutionProperties) = preSolution
		HideSolutionNode = FALSE
	EndGlobalSection
	GlobalSection(ExtensibilityGlobals) = postSolution
		SolutionGuid = {D542B989-4B42-49ED-86E5-B687375E31EC}
	EndGlobalSection
EndGlobal
